// !$*UTF8*$!
{
	archiveVersion = 1;
	classes = {
	};
	objectVersion = 50;
	objects = {

/* Begin PBXBuildFile section */
		08E6CE3B2511DC6D00681E96 /* AppDelegate.swift in Sources */ = {isa = PBXBuildFile; fileRef = 08E6CE3A2511DC6D00681E96 /* AppDelegate.swift */; };
		08E6CE3D2511DC6D00681E96 /* SceneDelegate.swift in Sources */ = {isa = PBXBuildFile; fileRef = 08E6CE3C2511DC6D00681E96 /* SceneDelegate.swift */; };
		08E6CE3F2511DC6D00681E96 /* ViewController.swift in Sources */ = {isa = PBXBuildFile; fileRef = 08E6CE3E2511DC6D00681E96 /* ViewController.swift */; };
		08E6CE422511DC6D00681E96 /* Main.storyboard in Resources */ = {isa = PBXBuildFile; fileRef = 08E6CE402511DC6D00681E96 /* Main.storyboard */; };
		08E6CE442511DC6E00681E96 /* Assets.xcassets in Resources */ = {isa = PBXBuildFile; fileRef = 08E6CE432511DC6E00681E96 /* Assets.xcassets */; };
		08E6CE472511DC6E00681E96 /* LaunchScreen.storyboard in Resources */ = {isa = PBXBuildFile; fileRef = 08E6CE452511DC6E00681E96 /* LaunchScreen.storyboard */; };
		08F3DF5725132A170058F710 /* ImageZoomViewController.swift in Sources */ = {isa = PBXBuildFile; fileRef = 08F3DF5625132A170058F710 /* ImageZoomViewController.swift */; };
/* End PBXBuildFile section */

/* Begin PBXFileReference section */
		08E6CE372511DC6D00681E96 /* PhotosExample.app */ = {isa = PBXFileReference; explicitFileType = wrapper.application; includeInIndex = 0; path = PhotosExample.app; sourceTree = BUILT_PRODUCTS_DIR; };
		08E6CE3A2511DC6D00681E96 /* AppDelegate.swift */ = {isa = PBXFileReference; lastKnownFileType = sourcecode.swift; path = AppDelegate.swift; sourceTree = "<group>"; };
		08E6CE3C2511DC6D00681E96 /* SceneDelegate.swift */ = {isa = PBXFileReference; lastKnownFileType = sourcecode.swift; path = SceneDelegate.swift; sourceTree = "<group>"; };
		08E6CE3E2511DC6D00681E96 /* ViewController.swift */ = {isa = PBXFileReference; lastKnownFileType = sourcecode.swift; path = ViewController.swift; sourceTree = "<group>"; };
		08E6CE412511DC6D00681E96 /* Base */ = {isa = PBXFileReference; lastKnownFileType = file.storyboard; name = Base; path = Base.lproj/Main.storyboard; sourceTree = "<group>"; };
		08E6CE432511DC6E00681E96 /* Assets.xcassets */ = {isa = PBXFileReference; lastKnownFileType = folder.assetcatalog; path = Assets.xcassets; sourceTree = "<group>"; };
		08E6CE462511DC6E00681E96 /* Base */ = {isa = PBXFileReference; lastKnownFileType = file.storyboard; name = Base; path = Base.lproj/LaunchScreen.storyboard; sourceTree = "<group>"; };
		08E6CE482511DC6E00681E96 /* Info.plist */ = {isa = PBXFileReference; lastKnownFileType = text.plist.xml; path = Info.plist; sourceTree = "<group>"; };
		08F3DF5625132A170058F710 /* ImageZoomViewController.swift */ = {isa = PBXFileReference; lastKnownFileType = sourcecode.swift; path = ImageZoomViewController.swift; sourceTree = "<group>"; };
/* End PBXFileReference section */

/* Begin PBXFrameworksBuildPhase section */
		08E6CE342511DC6D00681E96 /* Frameworks */ = {
			isa = PBXFrameworksBuildPhase;
			buildActionMask = 2147483647;
			files = (
			);
			runOnlyForDeploymentPostprocessing = 0;
		};
/* End PBXFrameworksBuildPhase section */

/* Begin PBXGroup section */
		08E6CE2E2511DC6D00681E96 = {
			isa = PBXGroup;
			children = (
				08E6CE392511DC6D00681E96 /* PhotosExample */,
				08E6CE382511DC6D00681E96 /* Products */,
			);
			sourceTree = "<group>";
		};
		08E6CE382511DC6D00681E96 /* Products */ = {
			isa = PBXGroup;
			children = (
				08E6CE372511DC6D00681E96 /* PhotosExample.app */,
			);
			name = Products;
			sourceTree = "<group>";
		};
		08E6CE392511DC6D00681E96 /* PhotosExample */ = {
			isa = PBXGroup;
			children = (
				08E6CE3A2511DC6D00681E96 /* AppDelegate.swift */,
				08E6CE3C2511DC6D00681E96 /* SceneDelegate.swift */,
				08E6CE3E2511DC6D00681E96 /* ViewController.swift */,
				08F3DF5625132A170058F710 /* ImageZoomViewController.swift */,
				08E6CE402511DC6D00681E96 /* Main.storyboard */,
				08E6CE432511DC6E00681E96 /* Assets.xcassets */,
				08E6CE452511DC6E00681E96 /* LaunchScreen.storyboard */,
				08E6CE482511DC6E00681E96 /* Info.plist */,
			);
			path = PhotosExample;
			sourceTree = "<group>";
		};
/* End PBXGroup section */

/* Begin PBXNativeTarget section */
		08E6CE362511DC6D00681E96 /* PhotosExample */ = {
			isa = PBXNativeTarget;
			buildConfigurationList = 08E6CE4B2511DC6E00681E96 /* Build configuration list for PBXNativeTarget "PhotosExample" */;
			buildPhases = (
				08E6CE332511DC6D00681E96 /* Sources */,
				08E6CE342511DC6D00681E96 /* Frameworks */,
				08E6CE352511DC6D00681E96 /* Resources */,
			);
			buildRules = (
			);
			dependencies = (
			);
			name = PhotosExample;
			productName = PhotosExample;
			productReference = 08E6CE372511DC6D00681E96 /* PhotosExample.app */;
			productType = "com.apple.product-type.application";
		};
/* End PBXNativeTarget section */

/* Begin PBXProject section */
		08E6CE2F2511DC6D00681E96 /* Project object */ = {
			isa = PBXProject;
			attributes = {
				LastSwiftUpdateCheck = 1170;
				LastUpgradeCheck = 1170;
				ORGANIZATIONNAME = thoonk;
				TargetAttributes = {
					08E6CE362511DC6D00681E96 = {
						CreatedOnToolsVersion = 11.7;
					};
				};
			};
			buildConfigurationList = 08E6CE322511DC6D00681E96 /* Build configuration list for PBXProject "PhotosExample" */;
			compatibilityVersion = "Xcode 9.3";
			developmentRegion = en;
			hasScannedForEncodings = 0;
			knownRegions = (
				en,
				Base,
			);
			mainGroup = 08E6CE2E2511DC6D00681E96;
			productRefGroup = 08E6CE382511DC6D00681E96 /* Products */;
			projectDirPath = "";
			projectRoot = "";
			targets = (
				08E6CE362511DC6D00681E96 /* PhotosExample */,
			);
		};
/* End PBXProject section */

/* Begin PBXResourcesBuildPhase section */
		08E6CE352511DC6D00681E96 /* Resources */ = {
			isa = PBXResourcesBuildPhase;
			buildActionMask = 2147483647;
			files = (
				08E6CE472511DC6E00681E96 /* LaunchScreen.storyboard in Resources */,
				08E6CE442511DC6E00681E96 /* Assets.xcassets in Resources */,
				08E6CE422511DC6D00681E96 /* Main.storyboard in Resources */,
			);
			runOnlyForDeploymentPostprocessing = 0;
		};
/* End PBXResourcesBuildPhase section */

/* Begin PBXSourcesBuildPhase section */
		08E6CE332511DC6D00681E96 /* Sources */ = {
			isa = PBXSourcesBuildPhase;
			buildActionMask = 2147483647;
			files = (
				08E6CE3F2511DC6D00681E96 /* ViewController.swift in Sources */,
				08E6CE3B2511DC6D00681E96 /* AppDelegate.swift in Sources */,
				08E6CE3D2511DC6D00681E96 /* SceneDelegate.swift in Sources */,
				08F3DF5725132A170058F710 /* ImageZoomViewController.swift in Sources */,
			);
			runOnlyForDeploymentPostprocessing = 0;
		};
/* End PBXSourcesBuildPhase section */

/* Begin PBXVariantGroup section */
		08E6CE402511DC6D00681E96 /* Main.storyboard */ = {
			isa = PBXVariantGroup;
			children = (
				08E6CE412511DC6D00681E96 /* Base */,
			);
			name = Main.storyboard;
			sourceTree = "<group>";
		};
		08E6CE452511DC6E00681E96 /* LaunchScreen.storyboard */ = {
			isa = PBXVariantGroup;
			children = (
				08E6CE462511DC6E00681E96 /* Base */,
			);
			name = LaunchScreen.storyboard;
			sourceTree = "<group>";
		};
/* End PBXVariantGroup section */

/* Begin XCBuildConfiguration section */
		08E6CE492511DC6E00681E96 /* Debug */ = {
			isa = XCBuildConfiguration;
			buildSettings = {
				ALWAYS_SEARCH_USER_PATHS = NO;
				CLANG_ANALYZER_NONNULL = YES;
				CLANG_ANALYZER_NUMBER_OBJECT_CONVERSION = YES_AGGRESSIVE;
				CLANG_CXX_LANGUAGE_STANDARD = "gnu++14";
				CLANG_CXX_LIBRARY = "libc++";
				CLANG_ENABLE_MODULES = YES;
				CLANG_ENABLE_OBJC_ARC = YES;
				CLANG_ENABLE_OBJC_WEAK = YES;
				CLANG_WARN_BLOCK_CAPTURE_AUTORELEASING = YES;
				CLANG_WARN_BOOL_CONVERSION = YES;
				CLANG_WARN_COMMA = YES;
				CLANG_WARN_CONSTANT_CONVERSION = YES;
				CLANG_WARN_DEPRECATED_OBJC_IMPLEMENTATIONS = YES;
				CLANG_WARN_DIRECT_OBJC_ISA_USAGE = YES_ERROR;
				CLANG_WARN_DOCUMENTATION_COMMENTS = YES;
				CLANG_WARN_EMPTY_BODY = YES;
				CLANG_WARN_ENUM_CONVERSION = YES;
				CLANG_WARN_INFINITE_RECURSION = YES;
				CLANG_WARN_INT_CONVERSION = YES;
				CLANG_WARN_NON_LITERAL_NULL_CONVERSION = YES;
				CLANG_WARN_OBJC_IMPLICIT_RETAIN_SELF = YES;
				CLANG_WARN_OBJC_LITERAL_CONVERSION = YES;
				CLANG_WARN_OBJC_ROOT_CLASS = YES_ERROR;
				CLANG_WARN_RANGE_LOOP_ANALYSIS = YES;
				CLANG_WARN_STRICT_PROTOTYPES = YES;
				CLANG_WARN_SUSPICIOUS_MOVE = YES;
				CLANG_WARN_UNGUARDED_AVAILABILITY = YES_AGGRESSIVE;
				CLANG_WARN_UNREACHABLE_CODE = YES;
				CLANG_WARN__DUPLICATE_METHOD_MATCH = YES;
				COPY_PHASE_STRIP = NO;
				DEBUG_INFORMATION_FORMAT = dwarf;
				ENABLE_STRICT_OBJC_MSGSEND = YES;
				ENABLE_TESTABILITY = YES;
				GCC_C_LANGUAGE_STANDARD = gnu11;
				GCC_DYNAMIC_NO_PIC = NO;
				GCC_NO_COMMON_BLOCKS = YES;
				GCC_OPTIMIZATION_LEVEL = 0;
				GCC_PREPROCESSOR_DEFINITIONS = (
					"DEBUG=1",
					"$(inherited)",
				);
				GCC_WARN_64_TO_32_BIT_CONVERSION = YES;
				GCC_WARN_ABOUT_RETURN_TYPE = YES_ERROR;
				GCC_WARN_UNDECLARED_SELECTOR = YES;
				GCC_WARN_UNINITIALIZED_AUTOS = YES_AGGRESSIVE;
				GCC_WARN_UNUSED_FUNCTION = YES;
				GCC_WARN_UNUSED_VARIABLE = YES;
				IPHONEOS_DEPLOYMENT_TARGET = 13.7;
				MTL_ENABLE_DEBUG_INFO = INCLUDE_SOURCE;
				MTL_FAST_MATH = YES;
				ONLY_ACTIVE_ARCH = YES;
				SDKROOT = iphoneos;
				SWIFT_ACTIVE_COMPILATION_CONDITIONS = DEBUG;
				SWIFT_OPTIMIZATION_LEVEL = "-Onone";
			};
			name = Debug;
		};
		08E6CE4A2511DC6E00681E96 /* Release */ = {
			isa = XCBuildConfiguration;
			buildSettings = {
				ALWAYS_SEARCH_USER_PATHS = NO;
				CLANG_ANALYZER_NONNULL = YES;
				CLANG_ANALYZER_NUMBER_OBJECT_CONVERSION = YES_AGGRESSIVE;
				CLANG_CXX_LANGUAGE_STANDARD = "gnu++14";
				CLANG_CXX_LIBRARY = "libc++";
				CLANG_ENABLE_MODULES = YES;
				CLANG_ENABLE_OBJC_ARC = YES;
				CLANG_ENABLE_OBJC_WEAK = YES;
				CLANG_WARN_BLOCK_CAPTURE_AUTORELEASING = YES;
				CLANG_WARN_BOOL_CONVERSION = YES;
				CLANG_WARN_COMMA = YES;
				CLANG_WARN_CONSTANT_CONVERSION = YES;
				CLANG_WARN_DEPRECATED_OBJC_IMPLEMENTATIONS = YES;
				CLANG_WARN_DIRECT_OBJC_ISA_USAGE = YES_ERROR;
				CLANG_WARN_DOCUMENTATION_COMMENTS = YES;
				CLANG_WARN_EMPTY_BODY = YES;
				CLANG_WARN_ENUM_CONVERSION = YES;
				CLANG_WARN_INFINITE_RECURSION = YES;
				CLANG_WARN_INT_CONVERSION = YES;
				CLANG_WARN_NON_LITERAL_NULL_CONVERSION = YES;
				CLANG_WARN_OBJC_IMPLICIT_RETAIN_SELF = YES;
				CLANG_WARN_OBJC_LITERAL_CONVERSION = YES;
				CLANG_WARN_OBJC_ROOT_CLASS = YES_ERROR;
				CLANG_WARN_RANGE_LOOP_ANALYSIS = YES;
				CLANG_WARN_STRICT_PROTOTYPES = YES;
				CLANG_WARN_SUSPICIOUS_MOVE = YES;
				CLANG_WARN_UNGUARDED_AVAILABILITY = YES_AGGRESSIVE;
				CLANG_WARN_UNREACHABLE_CODE = YES;
				CLANG_WARN__DUPLICATE_METHOD_MATCH = YES;
				COPY_PHASE_STRIP = NO;
				DEBUG_INFORMATION_FORMAT = "dwarf-with-dsym";
				ENABLE_NS_ASSERTIONS = NO;
				ENABLE_STRICT_OBJC_MSGSEND = YES;
				GCC_C_LANGUAGE_STANDARD = gnu11;
				GCC_NO_COMMON_BLOCKS = YES;
				GCC_WARN_64_TO_32_BIT_CONVERSION = YES;
				GCC_WARN_ABOUT_RETURN_TYPE = YES_ERROR;
				GCC_WARN_UNDECLARED_SELECTOR = YES;
				GCC_WARN_UNINITIALIZED_AUTOS = YES_AGGRESSIVE;
				GCC_WARN_UNUSED_FUNCTION = YES;
				GCC_WARN_UNUSED_VARIABLE = YES;
				IPHONEOS_DEPLOYMENT_TARGET = 13.7;
				MTL_ENABLE_DEBUG_INFO = NO;
				MTL_FAST_MATH = YES;
				SDKROOT = iphoneos;
				SWIFT_COMPILATION_MODE = wholemodule;
				SWIFT_OPTIMIZATION_LEVEL = "-O";
				VALIDATE_PRODUCT = YES;
			};
			name = Release;
		};
		08E6CE4C2511DC6E00681E96 /* Debug */ = {
			isa = XCBuildConfiguration;
			buildSettings = {
				ASSETCATALOG_COMPILER_APPICON_NAME = AppIcon;
				CODE_SIGN_STYLE = Automatic;
				DEVELOPMENT_TEAM = U59PP2KXJ5;
				INFOPLIST_FILE = PhotosExample/Info.plist;
				LD_RUNPATH_SEARCH_PATHS = (
					"$(inherited)",
					"@executable_path/Frameworks",
				);
				PRODUCT_BUNDLE_IDENTIFIER = com.thoonk.PhotosExample;
				PRODUCT_NAME = "$(TARGET_NAME)";
				SWIFT_VERSION = 5.0;
				TARGETED_DEVICE_FAMILY = "1,2";
			};
			name = Debug;
		};
		08E6CE4D2511DC6E00681E96 /* Release */ = {
			isa = XCBuildConfiguration;
			buildSettings = {
				ASSETCATALOG_COMPILER_APPICON_NAME = AppIcon;
				CODE_SIGN_STYLE = Automatic;
				DEVELOPMENT_TEAM = U59PP2KXJ5;
				INFOPLIST_FILE = PhotosExample/Info.plist;
				LD_RUNPATH_SEARCH_PATHS = (
					"$(inherited)",
					"@executable_path/Frameworks",
				);
				PRODUCT_BUNDLE_IDENTIFIER = com.thoonk.PhotosExample;
				PRODUCT_NAME = "$(TARGET_NAME)";
				SWIFT_VERSION = 5.0;
				TARGETED_DEVICE_FAMILY = "1,2";
			};
			name = Release;
		};
/* End XCBuildConfiguration section */

/* Begin XCConfigurationList section */
		08E6CE322511DC6D00681E96 /* Build configuration list for PBXProject "PhotosExample" */ = {
			isa = XCConfigurationList;
			buildConfigurations = (
				08E6CE492511DC6E00681E96 /* Debug */,
				08E6CE4A2511DC6E00681E96 /* Release */,
			);
			defaultConfigurationIsVisible = 0;
			defaultConfigurationName = Release;
		};
		08E6CE4B2511DC6E00681E96 /* Build configuration list for PBXNativeTarget "PhotosExample" */ = {
			isa = XCConfigurationList;
			buildConfigurations = (
				08E6CE4C2511DC6E00681E96 /* Debug */,
				08E6CE4D2511DC6E00681E96 /* Release */,
			);
			defaultConfigurationIsVisible = 0;
			defaultConfigurationName = Release;
		};
/* End XCConfigurationList section */
	};
	rootObject = 08E6CE2F2511DC6D00681E96 /* Project object */;
}
